
Microsoft Visual Studio Solution File, Format Version 12.00
# Visual Studio Version 17
VisualStudioVersion = 17.6.33801.468
MinimumVisualStudioVersion = 10.0.40219.1
Project("{FAE04EC0-301F-11D3-BF4B-00C04F79EFBC}") = "Task5-LINQ", "Task5-LINQ\Task5-LINQ.csproj", "{E240657F-33A2-405A-89EE-EA0278E09268}"
EndProject
Global
	GlobalSection(SolutionConfigurationPlatforms) = preSolution
		Debug|Any CPU = Debug|Any CPU
		Release|Any CPU = Release|Any CPU
	EndGlobalSection
	GlobalSection(ProjectConfigurationPlatforms) = postSolution
		{E240657F-33A2-405A-89EE-EA0278E09268}.Debug|Any CPU.ActiveCfg = Debug|Any CPU
		{E240657F-33A2-405A-89EE-EA0278E09268}.Debug|Any CPU.Build.0 = Debug|Any CPU
		{E240657F-33A2-405A-89EE-EA0278E09268}.Release|Any CPU.ActiveCfg = Release|Any CPU
		{E240657F-33A2-405A-89EE-EA0278E09268}.Release|Any CPU.Build.0 = Release|Any CPU
	EndGlobalSection
	GlobalSection(SolutionProperties) = preSolution
		HideSolutionNode = FALSE
	EndGlobalSection
	GlobalSection(ExtensibilityGlobals) = postSolution
		SolutionGuid = {F3E5C4D0-F4DD-434B-81C5-9183975C86CF}
	EndGlobalSection
EndGlobal
