
Microsoft Visual Studio Solution File, Format Version 12.00
# Visual Studio Version 17
VisualStudioVersion = 17.6.33801.468
MinimumVisualStudioVersion = 10.0.40219.1
Project("{FAE04EC0-301F-11D3-BF4B-00C04F79EFBC}") = "TimeStruct", "ClassLibrary1\TimeStruct.csproj", "{35F4A395-6583-428C-89FE-D25F76112C21}"
EndProject
Project("{FAE04EC0-301F-11D3-BF4B-00C04F79EFBC}") = "TimeStruct.UnitTests", "TimeStruct.UnitTests\TimeStruct.UnitTests.csproj", "{3A535E85-45B2-4EA4-93DF-60F69F1E6798}"
EndProject
Global
	GlobalSection(SolutionConfigurationPlatforms) = preSolution
		Debug|Any CPU = Debug|Any CPU
		Release|Any CPU = Release|Any CPU
	EndGlobalSection
	GlobalSection(ProjectConfigurationPlatforms) = postSolution
		{35F4A395-6583-428C-89FE-D25F76112C21}.Debug|Any CPU.ActiveCfg = Debug|Any CPU
		{35F4A395-6583-428C-89FE-D25F76112C21}.Debug|Any CPU.Build.0 = Debug|Any CPU
		{35F4A395-6583-428C-89FE-D25F76112C21}.Release|Any CPU.ActiveCfg = Release|Any CPU
		{35F4A395-6583-428C-89FE-D25F76112C21}.Release|Any CPU.Build.0 = Release|Any CPU
		{3A535E85-45B2-4EA4-93DF-60F69F1E6798}.Debug|Any CPU.ActiveCfg = Debug|Any CPU
		{3A535E85-45B2-4EA4-93DF-60F69F1E6798}.Debug|Any CPU.Build.0 = Debug|Any CPU
		{3A535E85-45B2-4EA4-93DF-60F69F1E6798}.Release|Any CPU.ActiveCfg = Release|Any CPU
		{3A535E85-45B2-4EA4-93DF-60F69F1E6798}.Release|Any CPU.Build.0 = Release|Any CPU
	EndGlobalSection
	GlobalSection(SolutionProperties) = preSolution
		HideSolutionNode = FALSE
	EndGlobalSection
	GlobalSection(ExtensibilityGlobals) = postSolution
		SolutionGuid = {2638096F-E99B-4977-8BF0-F3A0B49A6305}
	EndGlobalSection
EndGlobal
